// !$*UTF8*$!
{
	archiveVersion = 1;
	classes = {
	};
	objectVersion = 46;
	objects = {

/* Begin PBXBuildFile section */
		9B80AF0E1D903788001E3486 /* AppDelegate.swift in Sources */ = {isa = PBXBuildFile; fileRef = 9B80AF0D1D903788001E3486 /* AppDelegate.swift */; };
		9B80AF101D903788001E3486 /* ViewController.swift in Sources */ = {isa = PBXBuildFile; fileRef = 9B80AF0F1D903788001E3486 /* ViewController.swift */; };
		9B80AF131D903788001E3486 /* Main.storyboard in Resources */ = {isa = PBXBuildFile; fileRef = 9B80AF111D903788001E3486 /* Main.storyboard */; };
		9B80AF151D903788001E3486 /* Assets.xcassets in Resources */ = {isa = PBXBuildFile; fileRef = 9B80AF141D903788001E3486 /* Assets.xcassets */; };
		9B80AF181D903788001E3486 /* LaunchScreen.storyboard in Resources */ = {isa = PBXBuildFile; fileRef = 9B80AF161D903788001E3486 /* LaunchScreen.storyboard */; };
		9B80AF421D915632001E3486 /* QMCycleScrollView.swift in Sources */ = {isa = PBXBuildFile; fileRef = 9B80AF411D915632001E3486 /* QMCycleScrollView.swift */; };
		9B80AF451D9189DD001E3486 /* QMCollectionViewCell.swift in Sources */ = {isa = PBXBuildFile; fileRef = 9B80AF431D9189DD001E3486 /* QMCollectionViewCell.swift */; };
		9B80AF461D9189DD001E3486 /* QMCollectionViewCell.xib in Resources */ = {isa = PBXBuildFile; fileRef = 9B80AF441D9189DD001E3486 /* QMCollectionViewCell.xib */; };
/* End PBXBuildFile section */

/* Begin PBXFileReference section */
		9B80AF0A1D903787001E3486 /* QMCycleScrollView.app */ = {isa = PBXFileReference; explicitFileType = wrapper.application; includeInIndex = 0; path = QMCycleScrollView.app; sourceTree = BUILT_PRODUCTS_DIR; };
		9B80AF0D1D903788001E3486 /* AppDelegate.swift */ = {isa = PBXFileReference; lastKnownFileType = sourcecode.swift; path = AppDelegate.swift; sourceTree = "<group>"; };
		9B80AF0F1D903788001E3486 /* ViewController.swift */ = {isa = PBXFileReference; lastKnownFileType = sourcecode.swift; path = ViewController.swift; sourceTree = "<group>"; };
		9B80AF121D903788001E3486 /* Base */ = {isa = PBXFileReference; lastKnownFileType = file.storyboard; name = Base; path = Base.lproj/Main.storyboard; sourceTree = "<group>"; };
		9B80AF141D903788001E3486 /* Assets.xcassets */ = {isa = PBXFileReference; lastKnownFileType = folder.assetcatalog; path = Assets.xcassets; sourceTree = "<group>"; };
		9B80AF171D903788001E3486 /* Base */ = {isa = PBXFileReference; lastKnownFileType = file.storyboard; name = Base; path = Base.lproj/LaunchScreen.storyboard; sourceTree = "<group>"; };
		9B80AF191D903788001E3486 /* Info.plist */ = {isa = PBXFileReference; lastKnownFileType = text.plist.xml; path = Info.plist; sourceTree = "<group>"; };
		9B80AF411D915632001E3486 /* QMCycleScrollView.swift */ = {isa = PBXFileReference; fileEncoding = 4; lastKnownFileType = sourcecode.swift; path = QMCycleScrollView.swift; sourceTree = "<group>"; };
		9B80AF431D9189DD001E3486 /* QMCollectionViewCell.swift */ = {isa = PBXFileReference; fileEncoding = 4; lastKnownFileType = sourcecode.swift; path = QMCollectionViewCell.swift; sourceTree = "<group>"; };
		9B80AF441D9189DD001E3486 /* QMCollectionViewCell.xib */ = {isa = PBXFileReference; fileEncoding = 4; lastKnownFileType = file.xib; path = QMCollectionViewCell.xib; sourceTree = "<group>"; };
/* End PBXFileReference section */

/* Begin PBXFrameworksBuildPhase section */
		9B80AF071D903787001E3486 /* Frameworks */ = {
			isa = PBXFrameworksBuildPhase;
			buildActionMask = 2147483647;
			files = (
			);
			runOnlyForDeploymentPostprocessing = 0;
		};
/* End PBXFrameworksBuildPhase section */

/* Begin PBXGroup section */
		9B80AF011D903787001E3486 = {
			isa = PBXGroup;
			children = (
				9B80AF0C1D903788001E3486 /* QMCycleScrollView */,
				9B80AF0B1D903787001E3486 /* Products */,
			);
			sourceTree = "<group>";
		};
		9B80AF0B1D903787001E3486 /* Products */ = {
			isa = PBXGroup;
			children = (
				9B80AF0A1D903787001E3486 /* QMCycleScrollView.app */,
			);
			name = Products;
			sourceTree = "<group>";
		};
		9B80AF0C1D903788001E3486 /* QMCycleScrollView */ = {
			isa = PBXGroup;
			children = (
				9B80AF401D9155E1001E3486 /* QMCycleScrollView */,
				9B80AF0D1D903788001E3486 /* AppDelegate.swift */,
				9B80AF0F1D903788001E3486 /* ViewController.swift */,
				9B80AF111D903788001E3486 /* Main.storyboard */,
				9B80AF141D903788001E3486 /* Assets.xcassets */,
				9B80AF161D903788001E3486 /* LaunchScreen.storyboard */,
				9B80AF191D903788001E3486 /* Info.plist */,
			);
			path = QMCycleScrollView;
			sourceTree = "<group>";
		};
		9B80AF401D9155E1001E3486 /* QMCycleScrollView */ = {
			isa = PBXGroup;
			children = (
				9B80AF411D915632001E3486 /* QMCycleScrollView.swift */,
				9B80AF431D9189DD001E3486 /* QMCollectionViewCell.swift */,
				9B80AF441D9189DD001E3486 /* QMCollectionViewCell.xib */,
			);
			name = QMCycleScrollView;
			path = Lib/QMCycleScrollView;
			sourceTree = "<group>";
		};
/* End PBXGroup section */

/* Begin PBXNativeTarget section */
		9B80AF091D903787001E3486 /* QMCycleScrollView */ = {
			isa = PBXNativeTarget;
			buildConfigurationList = 9B80AF1C1D903788001E3486 /* Build configuration list for PBXNativeTarget "QMCycleScrollView" */;
			buildPhases = (
				9B80AF061D903787001E3486 /* Sources */,
				9B80AF071D903787001E3486 /* Frameworks */,
				9B80AF081D903787001E3486 /* Resources */,
			);
			buildRules = (
			);
			dependencies = (
			);
			name = QMCycleScrollView;
			productName = QMCycleScrollView;
			productReference = 9B80AF0A1D903787001E3486 /* QMCycleScrollView.app */;
			productType = "com.apple.product-type.application";
		};
/* End PBXNativeTarget section */

/* Begin PBXProject section */
		9B80AF021D903787001E3486 /* Project object */ = {
			isa = PBXProject;
			attributes = {
				LastSwiftUpdateCheck = 0730;
				LastUpgradeCheck = 0730;
				ORGANIZATIONNAME = "极客栈";
				TargetAttributes = {
					9B80AF091D903787001E3486 = {
						CreatedOnToolsVersion = 7.3;
					};
				};
			};
			buildConfigurationList = 9B80AF051D903787001E3486 /* Build configuration list for PBXProject "QMCycleScrollView" */;
			compatibilityVersion = "Xcode 3.2";
			developmentRegion = English;
			hasScannedForEncodings = 0;
			knownRegions = (
				en,
				Base,
			);
			mainGroup = 9B80AF011D903787001E3486;
			productRefGroup = 9B80AF0B1D903787001E3486 /* Products */;
			projectDirPath = "";
			projectRoot = "";
			targets = (
				9B80AF091D903787001E3486 /* QMCycleScrollView */,
			);
		};
/* End PBXProject section */

/* Begin PBXResourcesBuildPhase section */
		9B80AF081D903787001E3486 /* Resources */ = {
			isa = PBXResourcesBuildPhase;
			buildActionMask = 2147483647;
			files = (
				9B80AF181D903788001E3486 /* LaunchScreen.storyboard in Resources */,
				9B80AF151D903788001E3486 /* Assets.xcassets in Resources */,
				9B80AF461D9189DD001E3486 /* QMCollectionViewCell.xib in Resources */,
				9B80AF131D903788001E3486 /* Main.storyboard in Resources */,
			);
			runOnlyForDeploymentPostprocessing = 0;
		};
/* End PBXResourcesBuildPhase section */

/* Begin PBXSourcesBuildPhase section */
		9B80AF061D903787001E3486 /* Sources */ = {
			isa = PBXSourcesBuildPhase;
			buildActionMask = 2147483647;
			files = (
				9B80AF101D903788001E3486 /* ViewController.swift in Sources */,
				9B80AF0E1D903788001E3486 /* AppDelegate.swift in Sources */,
				9B80AF451D9189DD001E3486 /* QMCollectionViewCell.swift in Sources */,
				9B80AF421D915632001E3486 /* QMCycleScrollView.swift in Sources */,
			);
			runOnlyForDeploymentPostprocessing = 0;
		};
/* End PBXSourcesBuildPhase section */

/* Begin PBXVariantGroup section */
		9B80AF111D903788001E3486 /* Main.storyboard */ = {
			isa = PBXVariantGroup;
			children = (
				9B80AF121D903788001E3486 /* Base */,
			);
			name = Main.storyboard;
			sourceTree = "<group>";
		};
		9B80AF161D903788001E3486 /* LaunchScreen.storyboard */ = {
			isa = PBXVariantGroup;
			children = (
				9B80AF171D903788001E3486 /* Base */,
			);
			name = LaunchScreen.storyboard;
			sourceTree = "<group>";
		};
/* End PBXVariantGroup section */

/* Begin XCBuildConfiguration section */
		9B80AF1A1D903788001E3486 /* Debug */ = {
			isa = XCBuildConfiguration;
			buildSettings = {
				ALWAYS_SEARCH_USER_PATHS = NO;
				CLANG_ANALYZER_NONNULL = YES;
				CLANG_CXX_LANGUAGE_STANDARD = "gnu++0x";
				CLANG_CXX_LIBRARY = "libc++";
				CLANG_ENABLE_MODULES = YES;
				CLANG_ENABLE_OBJC_ARC = YES;
				CLANG_WARN_BOOL_CONVERSION = YES;
				CLANG_WARN_CONSTANT_CONVERSION = YES;
				CLANG_WARN_DIRECT_OBJC_ISA_USAGE = YES_ERROR;
				CLANG_WARN_EMPTY_BODY = YES;
				CLANG_WARN_ENUM_CONVERSION = YES;
				CLANG_WARN_INT_CONVERSION = YES;
				CLANG_WARN_OBJC_ROOT_CLASS = YES_ERROR;
				CLANG_WARN_UNREACHABLE_CODE = YES;
				CLANG_WARN__DUPLICATE_METHOD_MATCH = YES;
				"CODE_SIGN_IDENTITY[sdk=iphoneos*]" = "iPhone Developer";
				COPY_PHASE_STRIP = NO;
				DEBUG_INFORMATION_FORMAT = dwarf;
				ENABLE_STRICT_OBJC_MSGSEND = YES;
				ENABLE_TESTABILITY = YES;
				GCC_C_LANGUAGE_STANDARD = gnu99;
				GCC_DYNAMIC_NO_PIC = NO;
				GCC_NO_COMMON_BLOCKS = YES;
				GCC_OPTIMIZATION_LEVEL = 0;
				GCC_PREPROCESSOR_DEFINITIONS = (
					"DEBUG=1",
					"$(inherited)",
				);
				GCC_WARN_64_TO_32_BIT_CONVERSION = YES;
				GCC_WARN_ABOUT_RETURN_TYPE = YES_ERROR;
				GCC_WARN_UNDECLARED_SELECTOR = YES;
				GCC_WARN_UNINITIALIZED_AUTOS = YES_AGGRESSIVE;
				GCC_WARN_UNUSED_FUNCTION = YES;
				GCC_WARN_UNUSED_VARIABLE = YES;
				IPHONEOS_DEPLOYMENT_TARGET = 9.3;
				MTL_ENABLE_DEBUG_INFO = YES;
				ONLY_ACTIVE_ARCH = YES;
				SDKROOT = iphoneos;
				SWIFT_OPTIMIZATION_LEVEL = "-Onone";
			};
			name = Debug;
		};
		9B80AF1B1D903788001E3486 /* Release */ = {
			isa = XCBuildConfiguration;
			buildSettings = {
				ALWAYS_SEARCH_USER_PATHS = NO;
				CLANG_ANALYZER_NONNULL = YES;
				CLANG_CXX_LANGUAGE_STANDARD = "gnu++0x";
				CLANG_CXX_LIBRARY = "libc++";
				CLANG_ENABLE_MODULES = YES;
				CLANG_ENABLE_OBJC_ARC = YES;
				CLANG_WARN_BOOL_CONVERSION = YES;
				CLANG_WARN_CONSTANT_CONVERSION = YES;
				CLANG_WARN_DIRECT_OBJC_ISA_USAGE = YES_ERROR;
				CLANG_WARN_EMPTY_BODY = YES;
				CLANG_WARN_ENUM_CONVERSION = YES;
				CLANG_WARN_INT_CONVERSION = YES;
				CLANG_WARN_OBJC_ROOT_CLASS = YES_ERROR;
				CLANG_WARN_UNREACHABLE_CODE = YES;
				CLANG_WARN__DUPLICATE_METHOD_MATCH = YES;
				"CODE_SIGN_IDENTITY[sdk=iphoneos*]" = "iPhone Developer";
				COPY_PHASE_STRIP = NO;
				DEBUG_INFORMATION_FORMAT = "dwarf-with-dsym";
				ENABLE_NS_ASSERTIONS = NO;
				ENABLE_STRICT_OBJC_MSGSEND = YES;
				GCC_C_LANGUAGE_STANDARD = gnu99;
				GCC_NO_COMMON_BLOCKS = YES;
				GCC_WARN_64_TO_32_BIT_CONVERSION = YES;
				GCC_WARN_ABOUT_RETURN_TYPE = YES_ERROR;
				GCC_WARN_UNDECLARED_SELECTOR = YES;
				GCC_WARN_UNINITIALIZED_AUTOS = YES_AGGRESSIVE;
				GCC_WARN_UNUSED_FUNCTION = YES;
				GCC_WARN_UNUSED_VARIABLE = YES;
				IPHONEOS_DEPLOYMENT_TARGET = 9.3;
				MTL_ENABLE_DEBUG_INFO = NO;
				SDKROOT = iphoneos;
				VALIDATE_PRODUCT = YES;
			};
			name = Release;
		};
		9B80AF1D1D903788001E3486 /* Debug */ = {
			isa = XCBuildConfiguration;
			buildSettings = {
				ASSETCATALOG_COMPILER_APPICON_NAME = AppIcon;
				INFOPLIST_FILE = QMCycleScrollView/Info.plist;
				IPHONEOS_DEPLOYMENT_TARGET = 8.0;
				LD_RUNPATH_SEARCH_PATHS = "$(inherited) @executable_path/Frameworks";
				PRODUCT_BUNDLE_IDENTIFIER = com.codinghacker.QMCycleScrollView;
				PRODUCT_NAME = "$(TARGET_NAME)";
			};
			name = Debug;
		};
		9B80AF1E1D903788001E3486 /* Release */ = {
			isa = XCBuildConfiguration;
			buildSettings = {
				ASSETCATALOG_COMPILER_APPICON_NAME = AppIcon;
				INFOPLIST_FILE = QMCycleScrollView/Info.plist;
				IPHONEOS_DEPLOYMENT_TARGET = 8.0;
				LD_RUNPATH_SEARCH_PATHS = "$(inherited) @executable_path/Frameworks";
				PRODUCT_BUNDLE_IDENTIFIER = com.codinghacker.QMCycleScrollView;
				PRODUCT_NAME = "$(TARGET_NAME)";
			};
			name = Release;
		};
/* End XCBuildConfiguration section */

/* Begin XCConfigurationList section */
		9B80AF051D903787001E3486 /* Build configuration list for PBXProject "QMCycleScrollView" */ = {
			isa = XCConfigurationList;
			buildConfigurations = (
				9B80AF1A1D903788001E3486 /* Debug */,
				9B80AF1B1D903788001E3486 /* Release */,
			);
			defaultConfigurationIsVisible = 0;
			defaultConfigurationName = Release;
		};
		9B80AF1C1D903788001E3486 /* Build configuration list for PBXNativeTarget "QMCycleScrollView" */ = {
			isa = XCConfigurationList;
			buildConfigurations = (
				9B80AF1D1D903788001E3486 /* Debug */,
				9B80AF1E1D903788001E3486 /* Release */,
			);
			defaultConfigurationIsVisible = 0;
			defaultConfigurationName = Release;
		};
/* End XCConfigurationList section */
	};
	rootObject = 9B80AF021D903787001E3486 /* Project object */;
}
